// !$*UTF8*$!
{
	archiveVersion = 1;
	classes = {
	};
	objectVersion = 55;
	objects = {

/* Begin PBXBuildFile section */
		6A839FE628B48D58001900F9 /* AppDelegate.swift in Sources */ = {isa = PBXBuildFile; fileRef = 6A839FE528B48D58001900F9 /* AppDelegate.swift */; };
		6A839FE828B48D58001900F9 /* SceneDelegate.swift in Sources */ = {isa = PBXBuildFile; fileRef = 6A839FE728B48D58001900F9 /* SceneDelegate.swift */; };
		6A839FEA28B48D58001900F9 /* ViewController.swift in Sources */ = {isa = PBXBuildFile; fileRef = 6A839FE928B48D58001900F9 /* ViewController.swift */; };
		6A839FED28B48D58001900F9 /* Main.storyboard in Resources */ = {isa = PBXBuildFile; fileRef = 6A839FEB28B48D58001900F9 /* Main.storyboard */; };
		6A839FEF28B48D59001900F9 /* Assets.xcassets in Resources */ = {isa = PBXBuildFile; fileRef = 6A839FEE28B48D59001900F9 /* Assets.xcassets */; };
		6A839FF228B48D59001900F9 /* LaunchScreen.storyboard in Resources */ = {isa = PBXBuildFile; fileRef = 6A839FF028B48D59001900F9 /* LaunchScreen.storyboard */; };
		6A839FFD28B48D59001900F9 /* RPSTests.swift in Sources */ = {isa = PBXBuildFile; fileRef = 6A839FFC28B48D59001900F9 /* RPSTests.swift */; };
		6A83A00728B48D59001900F9 /* RPSUITests.swift in Sources */ = {isa = PBXBuildFile; fileRef = 6A83A00628B48D59001900F9 /* RPSUITests.swift */; };
		6A83A00928B48D59001900F9 /* RPSUITestsLaunchTests.swift in Sources */ = {isa = PBXBuildFile; fileRef = 6A83A00828B48D59001900F9 /* RPSUITestsLaunchTests.swift */; };
/* End PBXBuildFile section */

/* Begin PBXContainerItemProxy section */
		6A839FF928B48D59001900F9 /* PBXContainerItemProxy */ = {
			isa = PBXContainerItemProxy;
			containerPortal = 6A839FDA28B48D58001900F9 /* Project object */;
			proxyType = 1;
			remoteGlobalIDString = 6A839FE128B48D58001900F9;
			remoteInfo = RPS;
		};
		6A83A00328B48D59001900F9 /* PBXContainerItemProxy */ = {
			isa = PBXContainerItemProxy;
			containerPortal = 6A839FDA28B48D58001900F9 /* Project object */;
			proxyType = 1;
			remoteGlobalIDString = 6A839FE128B48D58001900F9;
			remoteInfo = RPS;
		};
/* End PBXContainerItemProxy section */

/* Begin PBXFileReference section */
		6A839FE228B48D58001900F9 /* RPS.app */ = {isa = PBXFileReference; explicitFileType = wrapper.application; includeInIndex = 0; path = RPS.app; sourceTree = BUILT_PRODUCTS_DIR; };
		6A839FE528B48D58001900F9 /* AppDelegate.swift */ = {isa = PBXFileReference; lastKnownFileType = sourcecode.swift; path = AppDelegate.swift; sourceTree = "<group>"; };
		6A839FE728B48D58001900F9 /* SceneDelegate.swift */ = {isa = PBXFileReference; lastKnownFileType = sourcecode.swift; path = SceneDelegate.swift; sourceTree = "<group>"; };
		6A839FE928B48D58001900F9 /* ViewController.swift */ = {isa = PBXFileReference; lastKnownFileType = sourcecode.swift; path = ViewController.swift; sourceTree = "<group>"; };
		6A839FEC28B48D58001900F9 /* Base */ = {isa = PBXFileReference; lastKnownFileType = file.storyboard; name = Base; path = Base.lproj/Main.storyboard; sourceTree = "<group>"; };
		6A839FEE28B48D59001900F9 /* Assets.xcassets */ = {isa = PBXFileReference; lastKnownFileType = folder.assetcatalog; path = Assets.xcassets; sourceTree = "<group>"; };
		6A839FF128B48D59001900F9 /* Base */ = {isa = PBXFileReference; lastKnownFileType = file.storyboard; name = Base; path = Base.lproj/LaunchScreen.storyboard; sourceTree = "<group>"; };
		6A839FF328B48D59001900F9 /* Info.plist */ = {isa = PBXFileReference; lastKnownFileType = text.plist.xml; path = Info.plist; sourceTree = "<group>"; };
		6A839FF828B48D59001900F9 /* RPSTests.xctest */ = {isa = PBXFileReference; explicitFileType = wrapper.cfbundle; includeInIndex = 0; path = RPSTests.xctest; sourceTree = BUILT_PRODUCTS_DIR; };
		6A839FFC28B48D59001900F9 /* RPSTests.swift */ = {isa = PBXFileReference; lastKnownFileType = sourcecode.swift; path = RPSTests.swift; sourceTree = "<group>"; };
		6A83A00228B48D59001900F9 /* RPSUITests.xctest */ = {isa = PBXFileReference; explicitFileType = wrapper.cfbundle; includeInIndex = 0; path = RPSUITests.xctest; sourceTree = BUILT_PRODUCTS_DIR; };
		6A83A00628B48D59001900F9 /* RPSUITests.swift */ = {isa = PBXFileReference; lastKnownFileType = sourcecode.swift; path = RPSUITests.swift; sourceTree = "<group>"; };
		6A83A00828B48D59001900F9 /* RPSUITestsLaunchTests.swift */ = {isa = PBXFileReference; lastKnownFileType = sourcecode.swift; path = RPSUITestsLaunchTests.swift; sourceTree = "<group>"; };
/* End PBXFileReference section */

/* Begin PBXFrameworksBuildPhase section */
		6A839FDF28B48D58001900F9 /* Frameworks */ = {
			isa = PBXFrameworksBuildPhase;
			buildActionMask = 2147483647;
			files = (
			);
			runOnlyForDeploymentPostprocessing = 0;
		};
		6A839FF528B48D59001900F9 /* Frameworks */ = {
			isa = PBXFrameworksBuildPhase;
			buildActionMask = 2147483647;
			files = (
			);
			runOnlyForDeploymentPostprocessing = 0;
		};
		6A839FFF28B48D59001900F9 /* Frameworks */ = {
			isa = PBXFrameworksBuildPhase;
			buildActionMask = 2147483647;
			files = (
			);
			runOnlyForDeploymentPostprocessing = 0;
		};
/* End PBXFrameworksBuildPhase section */

/* Begin PBXGroup section */
		6A839FD928B48D58001900F9 = {
			isa = PBXGroup;
			children = (
				6A839FE428B48D58001900F9 /* RPS */,
				6A839FFB28B48D59001900F9 /* RPSTests */,
				6A83A00528B48D59001900F9 /* RPSUITests */,
				6A839FE328B48D58001900F9 /* Products */,
			);
			sourceTree = "<group>";
		};
		6A839FE328B48D58001900F9 /* Products */ = {
			isa = PBXGroup;
			children = (
				6A839FE228B48D58001900F9 /* RPS.app */,
				6A839FF828B48D59001900F9 /* RPSTests.xctest */,
				6A83A00228B48D59001900F9 /* RPSUITests.xctest */,
			);
			name = Products;
			sourceTree = "<group>";
		};
		6A839FE428B48D58001900F9 /* RPS */ = {
			isa = PBXGroup;
			children = (
				6A839FE528B48D58001900F9 /* AppDelegate.swift */,
				6A839FE728B48D58001900F9 /* SceneDelegate.swift */,
				6A839FE928B48D58001900F9 /* ViewController.swift */,
				6A839FEB28B48D58001900F9 /* Main.storyboard */,
				6A839FEE28B48D59001900F9 /* Assets.xcassets */,
				6A839FF028B48D59001900F9 /* LaunchScreen.storyboard */,
				6A839FF328B48D59001900F9 /* Info.plist */,
			);
			path = RPS;
			sourceTree = "<group>";
		};
		6A839FFB28B48D59001900F9 /* RPSTests */ = {
			isa = PBXGroup;
			children = (
				6A839FFC28B48D59001900F9 /* RPSTests.swift */,
			);
			path = RPSTests;
			sourceTree = "<group>";
		};
		6A83A00528B48D59001900F9 /* RPSUITests */ = {
			isa = PBXGroup;
			children = (
				6A83A00628B48D59001900F9 /* RPSUITests.swift */,
				6A83A00828B48D59001900F9 /* RPSUITestsLaunchTests.swift */,
			);
			path = RPSUITests;
			sourceTree = "<group>";
		};
/* End PBXGroup section */

/* Begin PBXNativeTarget section */
		6A839FE128B48D58001900F9 /* RPS */ = {
			isa = PBXNativeTarget;
			buildConfigurationList = 6A83A00C28B48D59001900F9 /* Build configuration list for PBXNativeTarget "RPS" */;
			buildPhases = (
				6A839FDE28B48D58001900F9 /* Sources */,
				6A839FDF28B48D58001900F9 /* Frameworks */,
				6A839FE028B48D58001900F9 /* Resources */,
			);
			buildRules = (
			);
			dependencies = (
			);
			name = RPS;
			productName = RPS;
			productReference = 6A839FE228B48D58001900F9 /* RPS.app */;
			productType = "com.apple.product-type.application";
		};
		6A839FF728B48D59001900F9 /* RPSTests */ = {
			isa = PBXNativeTarget;
			buildConfigurationList = 6A83A00F28B48D59001900F9 /* Build configuration list for PBXNativeTarget "RPSTests" */;
			buildPhases = (
				6A839FF428B48D59001900F9 /* Sources */,
				6A839FF528B48D59001900F9 /* Frameworks */,
				6A839FF628B48D59001900F9 /* Resources */,
			);
			buildRules = (
			);
			dependencies = (
				6A839FFA28B48D59001900F9 /* PBXTargetDependency */,
			);
			name = RPSTests;
			productName = RPSTests;
			productReference = 6A839FF828B48D59001900F9 /* RPSTests.xctest */;
			productType = "com.apple.product-type.bundle.unit-test";
		};
		6A83A00128B48D59001900F9 /* RPSUITests */ = {
			isa = PBXNativeTarget;
			buildConfigurationList = 6A83A01228B48D59001900F9 /* Build configuration list for PBXNativeTarget "RPSUITests" */;
			buildPhases = (
				6A839FFE28B48D59001900F9 /* Sources */,
				6A839FFF28B48D59001900F9 /* Frameworks */,
				6A83A00028B48D59001900F9 /* Resources */,
			);
			buildRules = (
			);
			dependencies = (
				6A83A00428B48D59001900F9 /* PBXTargetDependency */,
			);
			name = RPSUITests;
			productName = RPSUITests;
			productReference = 6A83A00228B48D59001900F9 /* RPSUITests.xctest */;
			productType = "com.apple.product-type.bundle.ui-testing";
		};
/* End PBXNativeTarget section */

/* Begin PBXProject section */
		6A839FDA28B48D58001900F9 /* Project object */ = {
			isa = PBXProject;
			attributes = {
				BuildIndependentTargetsInParallel = 1;
				LastSwiftUpdateCheck = 1340;
				LastUpgradeCheck = 1340;
				TargetAttributes = {
					6A839FE128B48D58001900F9 = {
						CreatedOnToolsVersion = 13.4.1;
					};
					6A839FF728B48D59001900F9 = {
						CreatedOnToolsVersion = 13.4.1;
						TestTargetID = 6A839FE128B48D58001900F9;
					};
					6A83A00128B48D59001900F9 = {
						CreatedOnToolsVersion = 13.4.1;
						TestTargetID = 6A839FE128B48D58001900F9;
					};
				};
			};
			buildConfigurationList = 6A839FDD28B48D58001900F9 /* Build configuration list for PBXProject "RPS" */;
			compatibilityVersion = "Xcode 13.0";
			developmentRegion = en;
			hasScannedForEncodings = 0;
			knownRegions = (
				en,
				Base,
			);
			mainGroup = 6A839FD928B48D58001900F9;
			productRefGroup = 6A839FE328B48D58001900F9 /* Products */;
			projectDirPath = "";
			projectRoot = "";
			targets = (
				6A839FE128B48D58001900F9 /* RPS */,
				6A839FF728B48D59001900F9 /* RPSTests */,
				6A83A00128B48D59001900F9 /* RPSUITests */,
			);
		};
/* End PBXProject section */

/* Begin PBXResourcesBuildPhase section */
		6A839FE028B48D58001900F9 /* Resources */ = {
			isa = PBXResourcesBuildPhase;
			buildActionMask = 2147483647;
			files = (
				6A839FF228B48D59001900F9 /* LaunchScreen.storyboard in Resources */,
				6A839FEF28B48D59001900F9 /* Assets.xcassets in Resources */,
				6A839FED28B48D58001900F9 /* Main.storyboard in Resources */,
			);
			runOnlyForDeploymentPostprocessing = 0;
		};
		6A839FF628B48D59001900F9 /* Resources */ = {
			isa = PBXResourcesBuildPhase;
			buildActionMask = 2147483647;
			files = (
			);
			runOnlyForDeploymentPostprocessing = 0;
		};
		6A83A00028B48D59001900F9 /* Resources */ = {
			isa = PBXResourcesBuildPhase;
			buildActionMask = 2147483647;
			files = (
			);
			runOnlyForDeploymentPostprocessing = 0;
		};
/* End PBXResourcesBuildPhase section */

/* Begin PBXSourcesBuildPhase section */
		6A839FDE28B48D58001900F9 /* Sources */ = {
			isa = PBXSourcesBuildPhase;
			buildActionMask = 2147483647;
			files = (
				6A839FEA28B48D58001900F9 /* ViewController.swift in Sources */,
				6A839FE628B48D58001900F9 /* AppDelegate.swift in Sources */,
				6A839FE828B48D58001900F9 /* SceneDelegate.swift in Sources */,
			);
			runOnlyForDeploymentPostprocessing = 0;
		};
		6A839FF428B48D59001900F9 /* Sources */ = {
			isa = PBXSourcesBuildPhase;
			buildActionMask = 2147483647;
			files = (
				6A839FFD28B48D59001900F9 /* RPSTests.swift in Sources */,
			);
			runOnlyForDeploymentPostprocessing = 0;
		};
		6A839FFE28B48D59001900F9 /* Sources */ = {
			isa = PBXSourcesBuildPhase;
			buildActionMask = 2147483647;
			files = (
				6A83A00928B48D59001900F9 /* RPSUITestsLaunchTests.swift in Sources */,
				6A83A00728B48D59001900F9 /* RPSUITests.swift in Sources */,
			);
			runOnlyForDeploymentPostprocessing = 0;
		};
/* End PBXSourcesBuildPhase section */

/* Begin PBXTargetDependency section */
		6A839FFA28B48D59001900F9 /* PBXTargetDependency */ = {
			isa = PBXTargetDependency;
			target = 6A839FE128B48D58001900F9 /* RPS */;
			targetProxy = 6A839FF928B48D59001900F9 /* PBXContainerItemProxy */;
		};
		6A83A00428B48D59001900F9 /* PBXTargetDependency */ = {
			isa = PBXTargetDependency;
			target = 6A839FE128B48D58001900F9 /* RPS */;
			targetProxy = 6A83A00328B48D59001900F9 /* PBXContainerItemProxy */;
		};
/* End PBXTargetDependency section */

/* Begin PBXVariantGroup section */
		6A839FEB28B48D58001900F9 /* Main.storyboard */ = {
			isa = PBXVariantGroup;
			children = (
				6A839FEC28B48D58001900F9 /* Base */,
			);
			name = Main.storyboard;
			sourceTree = "<group>";
		};
		6A839FF028B48D59001900F9 /* LaunchScreen.storyboard */ = {
			isa = PBXVariantGroup;
			children = (
				6A839FF128B48D59001900F9 /* Base */,
			);
			name = LaunchScreen.storyboard;
			sourceTree = "<group>";
		};
/* End PBXVariantGroup section */

/* Begin XCBuildConfiguration section */
		6A83A00A28B48D59001900F9 /* Debug */ = {
			isa = XCBuildConfiguration;
			buildSettings = {
				ALWAYS_SEARCH_USER_PATHS = NO;
				CLANG_ANALYZER_NONNULL = YES;
				CLANG_ANALYZER_NUMBER_OBJECT_CONVERSION = YES_AGGRESSIVE;
				CLANG_CXX_LANGUAGE_STANDARD = "gnu++17";
				CLANG_ENABLE_MODULES = YES;
				CLANG_ENABLE_OBJC_ARC = YES;
				CLANG_ENABLE_OBJC_WEAK = YES;
				CLANG_WARN_BLOCK_CAPTURE_AUTORELEASING = YES;
				CLANG_WARN_BOOL_CONVERSION = YES;
				CLANG_WARN_COMMA = YES;
				CLANG_WARN_CONSTANT_CONVERSION = YES;
				CLANG_WARN_DEPRECATED_OBJC_IMPLEMENTATIONS = YES;
				CLANG_WARN_DIRECT_OBJC_ISA_USAGE = YES_ERROR;
				CLANG_WARN_DOCUMENTATION_COMMENTS = YES;
				CLANG_WARN_EMPTY_BODY = YES;
				CLANG_WARN_ENUM_CONVERSION = YES;
				CLANG_WARN_INFINITE_RECURSION = YES;
				CLANG_WARN_INT_CONVERSION = YES;
				CLANG_WARN_NON_LITERAL_NULL_CONVERSION = YES;
				CLANG_WARN_OBJC_IMPLICIT_RETAIN_SELF = YES;
				CLANG_WARN_OBJC_LITERAL_CONVERSION = YES;
				CLANG_WARN_OBJC_ROOT_CLASS = YES_ERROR;
				CLANG_WARN_QUOTED_INCLUDE_IN_FRAMEWORK_HEADER = YES;
				CLANG_WARN_RANGE_LOOP_ANALYSIS = YES;
				CLANG_WARN_STRICT_PROTOTYPES = YES;
				CLANG_WARN_SUSPICIOUS_MOVE = YES;
				CLANG_WARN_UNGUARDED_AVAILABILITY = YES_AGGRESSIVE;
				CLANG_WARN_UNREACHABLE_CODE = YES;
				CLANG_WARN__DUPLICATE_METHOD_MATCH = YES;
				COPY_PHASE_STRIP = NO;
				DEBUG_INFORMATION_FORMAT = dwarf;
				ENABLE_STRICT_OBJC_MSGSEND = YES;
				ENABLE_TESTABILITY = YES;
				GCC_C_LANGUAGE_STANDARD = gnu11;
				GCC_DYNAMIC_NO_PIC = NO;
				GCC_NO_COMMON_BLOCKS = YES;
				GCC_OPTIMIZATION_LEVEL = 0;
				GCC_PREPROCESSOR_DEFINITIONS = (
					"DEBUG=1",
					"$(inherited)",
				);
				GCC_WARN_64_TO_32_BIT_CONVERSION = YES;
				GCC_WARN_ABOUT_RETURN_TYPE = YES_ERROR;
				GCC_WARN_UNDECLARED_SELECTOR = YES;
				GCC_WARN_UNINITIALIZED_AUTOS = YES_AGGRESSIVE;
				GCC_WARN_UNUSED_FUNCTION = YES;
				GCC_WARN_UNUSED_VARIABLE = YES;
				IPHONEOS_DEPLOYMENT_TARGET = 15.5;
				MTL_ENABLE_DEBUG_INFO = INCLUDE_SOURCE;
				MTL_FAST_MATH = YES;
				ONLY_ACTIVE_ARCH = YES;
				SDKROOT = iphoneos;
				SWIFT_ACTIVE_COMPILATION_CONDITIONS = DEBUG;
				SWIFT_OPTIMIZATION_LEVEL = "-Onone";
			};
			name = Debug;
		};
		6A83A00B28B48D59001900F9 /* Release */ = {
			isa = XCBuildConfiguration;
			buildSettings = {
				ALWAYS_SEARCH_USER_PATHS = NO;
				CLANG_ANALYZER_NONNULL = YES;
				CLANG_ANALYZER_NUMBER_OBJECT_CONVERSION = YES_AGGRESSIVE;
				CLANG_CXX_LANGUAGE_STANDARD = "gnu++17";
				CLANG_ENABLE_MODULES = YES;
				CLANG_ENABLE_OBJC_ARC = YES;
				CLANG_ENABLE_OBJC_WEAK = YES;
				CLANG_WARN_BLOCK_CAPTURE_AUTORELEASING = YES;
				CLANG_WARN_BOOL_CONVERSION = YES;
				CLANG_WARN_COMMA = YES;
				CLANG_WARN_CONSTANT_CONVERSION = YES;
				CLANG_WARN_DEPRECATED_OBJC_IMPLEMENTATIONS = YES;
				CLANG_WARN_DIRECT_OBJC_ISA_USAGE = YES_ERROR;
				CLANG_WARN_DOCUMENTATION_COMMENTS = YES;
				CLANG_WARN_EMPTY_BODY = YES;
				CLANG_WARN_ENUM_CONVERSION = YES;
				CLANG_WARN_INFINITE_RECURSION = YES;
				CLANG_WARN_INT_CONVERSION = YES;
				CLANG_WARN_NON_LITERAL_NULL_CONVERSION = YES;
				CLANG_WARN_OBJC_IMPLICIT_RETAIN_SELF = YES;
				CLANG_WARN_OBJC_LITERAL_CONVERSION = YES;
				CLANG_WARN_OBJC_ROOT_CLASS = YES_ERROR;
				CLANG_WARN_QUOTED_INCLUDE_IN_FRAMEWORK_HEADER = YES;
				CLANG_WARN_RANGE_LOOP_ANALYSIS = YES;
				CLANG_WARN_STRICT_PROTOTYPES = YES;
				CLANG_WARN_SUSPICIOUS_MOVE = YES;
				CLANG_WARN_UNGUARDED_AVAILABILITY = YES_AGGRESSIVE;
				CLANG_WARN_UNREACHABLE_CODE = YES;
				CLANG_WARN__DUPLICATE_METHOD_MATCH = YES;
				COPY_PHASE_STRIP = NO;
				DEBUG_INFORMATION_FORMAT = "dwarf-with-dsym";
				ENABLE_NS_ASSERTIONS = NO;
				ENABLE_STRICT_OBJC_MSGSEND = YES;
				GCC_C_LANGUAGE_STANDARD = gnu11;
				GCC_NO_COMMON_BLOCKS = YES;
				GCC_WARN_64_TO_32_BIT_CONVERSION = YES;
				GCC_WARN_ABOUT_RETURN_TYPE = YES_ERROR;
				GCC_WARN_UNDECLARED_SELECTOR = YES;
				GCC_WARN_UNINITIALIZED_AUTOS = YES_AGGRESSIVE;
				GCC_WARN_UNUSED_FUNCTION = YES;
				GCC_WARN_UNUSED_VARIABLE = YES;
				IPHONEOS_DEPLOYMENT_TARGET = 15.5;
				MTL_ENABLE_DEBUG_INFO = NO;
				MTL_FAST_MATH = YES;
				SDKROOT = iphoneos;
				SWIFT_COMPILATION_MODE = wholemodule;
				SWIFT_OPTIMIZATION_LEVEL = "-O";
				VALIDATE_PRODUCT = YES;
			};
			name = Release;
		};
		6A83A00D28B48D59001900F9 /* Debug */ = {
			isa = XCBuildConfiguration;
			buildSettings = {
				ASSETCATALOG_COMPILER_APPICON_NAME = AppIcon;
				ASSETCATALOG_COMPILER_GLOBAL_ACCENT_COLOR_NAME = AccentColor;
				CODE_SIGN_STYLE = Automatic;
				CURRENT_PROJECT_VERSION = 1;
				GENERATE_INFOPLIST_FILE = YES;
				INFOPLIST_FILE = RPS/Info.plist;
				INFOPLIST_KEY_UIApplicationSupportsIndirectInputEvents = YES;
				INFOPLIST_KEY_UILaunchStoryboardName = LaunchScreen;
				INFOPLIST_KEY_UIMainStoryboardFile = Main;
				INFOPLIST_KEY_UISupportedInterfaceOrientations_iPad = "UIInterfaceOrientationPortrait UIInterfaceOrientationPortraitUpsideDown UIInterfaceOrientationLandscapeLeft UIInterfaceOrientationLandscapeRight";
				INFOPLIST_KEY_UISupportedInterfaceOrientations_iPhone = "UIInterfaceOrientationPortrait UIInterfaceOrientationLandscapeLeft UIInterfaceOrientationLandscapeRight";
				LD_RUNPATH_SEARCH_PATHS = (
					"$(inherited)",
					"@executable_path/Frameworks",
				);
				MARKETING_VERSION = 1.0;
				PRODUCT_BUNDLE_IDENTIFIER = com.demo01.nta.RPS;
				PRODUCT_NAME = "$(TARGET_NAME)";
				SWIFT_EMIT_LOC_STRINGS = YES;
				SWIFT_VERSION = 5.0;
				TARGETED_DEVICE_FAMILY = "1,2";
			};
			name = Debug;
		};
		6A83A00E28B48D59001900F9 /* Release */ = {
			isa = XCBuildConfiguration;
			buildSettings = {
				ASSETCATALOG_COMPILER_APPICON_NAME = AppIcon;
				ASSETCATALOG_COMPILER_GLOBAL_ACCENT_COLOR_NAME = AccentColor;
				CODE_SIGN_STYLE = Automatic;
				CURRENT_PROJECT_VERSION = 1;
				GENERATE_INFOPLIST_FILE = YES;
				INFOPLIST_FILE = RPS/Info.plist;
				INFOPLIST_KEY_UIApplicationSupportsIndirectInputEvents = YES;
				INFOPLIST_KEY_UILaunchStoryboardName = LaunchScreen;
				INFOPLIST_KEY_UIMainStoryboardFile = Main;
				INFOPLIST_KEY_UISupportedInterfaceOrientations_iPad = "UIInterfaceOrientationPortrait UIInterfaceOrientationPortraitUpsideDown UIInterfaceOrientationLandscapeLeft UIInterfaceOrientationLandscapeRight";
				INFOPLIST_KEY_UISupportedInterfaceOrientations_iPhone = "UIInterfaceOrientationPortrait UIInterfaceOrientationLandscapeLeft UIInterfaceOrientationLandscapeRight";
				LD_RUNPATH_SEARCH_PATHS = (
					"$(inherited)",
					"@executable_path/Frameworks",
				);
				MARKETING_VERSION = 1.0;
				PRODUCT_BUNDLE_IDENTIFIER = com.demo01.nta.RPS;
				PRODUCT_NAME = "$(TARGET_NAME)";
				SWIFT_EMIT_LOC_STRINGS = YES;
				SWIFT_VERSION = 5.0;
				TARGETED_DEVICE_FAMILY = "1,2";
			};
			name = Release;
		};
		6A83A01028B48D59001900F9 /* Debug */ = {
			isa = XCBuildConfiguration;
			buildSettings = {
				ALWAYS_EMBED_SWIFT_STANDARD_LIBRARIES = YES;
				BUNDLE_LOADER = "$(TEST_HOST)";
				CODE_SIGN_STYLE = Automatic;
				CURRENT_PROJECT_VERSION = 1;
				GENERATE_INFOPLIST_FILE = YES;
				IPHONEOS_DEPLOYMENT_TARGET = 15.5;
				MARKETING_VERSION = 1.0;
				PRODUCT_BUNDLE_IDENTIFIER = com.demo01.nta.RPSTests;
				PRODUCT_NAME = "$(TARGET_NAME)";
				SWIFT_EMIT_LOC_STRINGS = NO;
				SWIFT_VERSION = 5.0;
				TARGETED_DEVICE_FAMILY = "1,2";
				TEST_HOST = "$(BUILT_PRODUCTS_DIR)/RPS.app/RPS";
			};
			name = Debug;
		};
		6A83A01128B48D59001900F9 /* Release */ = {
			isa = XCBuildConfiguration;
			buildSettings = {
				ALWAYS_EMBED_SWIFT_STANDARD_LIBRARIES = YES;
				BUNDLE_LOADER = "$(TEST_HOST)";
				CODE_SIGN_STYLE = Automatic;
				CURRENT_PROJECT_VERSION = 1;
				GENERATE_INFOPLIST_FILE = YES;
				IPHONEOS_DEPLOYMENT_TARGET = 15.5;
				MARKETING_VERSION = 1.0;
				PRODUCT_BUNDLE_IDENTIFIER = com.demo01.nta.RPSTests;
				PRODUCT_NAME = "$(TARGET_NAME)";
				SWIFT_EMIT_LOC_STRINGS = NO;
				SWIFT_VERSION = 5.0;
				TARGETED_DEVICE_FAMILY = "1,2";
				TEST_HOST = "$(BUILT_PRODUCTS_DIR)/RPS.app/RPS";
			};
			name = Release;
		};
		6A83A01328B48D59001900F9 /* Debug */ = {
			isa = XCBuildConfiguration;
			buildSettings = {
				ALWAYS_EMBED_SWIFT_STANDARD_LIBRARIES = YES;
				CODE_SIGN_STYLE = Automatic;
				CURRENT_PROJECT_VERSION = 1;
				GENERATE_INFOPLIST_FILE = YES;
				MARKETING_VERSION = 1.0;
				PRODUCT_BUNDLE_IDENTIFIER = com.demo01.nta.RPSUITests;
				PRODUCT_NAME = "$(TARGET_NAME)";
				SWIFT_EMIT_LOC_STRINGS = NO;
				SWIFT_VERSION = 5.0;
				TARGETED_DEVICE_FAMILY = "1,2";
				TEST_TARGET_NAME = RPS;
			};
			name = Debug;
		};
		6A83A01428B48D59001900F9 /* Release */ = {
			isa = XCBuildConfiguration;
			buildSettings = {
				ALWAYS_EMBED_SWIFT_STANDARD_LIBRARIES = YES;
				CODE_SIGN_STYLE = Automatic;
				CURRENT_PROJECT_VERSION = 1;
				GENERATE_INFOPLIST_FILE = YES;
				MARKETING_VERSION = 1.0;
				PRODUCT_BUNDLE_IDENTIFIER = com.demo01.nta.RPSUITests;
				PRODUCT_NAME = "$(TARGET_NAME)";
				SWIFT_EMIT_LOC_STRINGS = NO;
				SWIFT_VERSION = 5.0;
				TARGETED_DEVICE_FAMILY = "1,2";
				TEST_TARGET_NAME = RPS;
			};
			name = Release;
		};
/* End XCBuildConfiguration section */

/* Begin XCConfigurationList section */
		6A839FDD28B48D58001900F9 /* Build configuration list for PBXProject "RPS" */ = {
			isa = XCConfigurationList;
			buildConfigurations = (
				6A83A00A28B48D59001900F9 /* Debug */,
				6A83A00B28B48D59001900F9 /* Release */,
			);
			defaultConfigurationIsVisible = 0;
			defaultConfigurationName = Release;
		};
		6A83A00C28B48D59001900F9 /* Build configuration list for PBXNativeTarget "RPS" */ = {
			isa = XCConfigurationList;
			buildConfigurations = (
				6A83A00D28B48D59001900F9 /* Debug */,
				6A83A00E28B48D59001900F9 /* Release */,
			);
			defaultConfigurationIsVisible = 0;
			defaultConfigurationName = Release;
		};
		6A83A00F28B48D59001900F9 /* Build configuration list for PBXNativeTarget "RPSTests" */ = {
			isa = XCConfigurationList;
			buildConfigurations = (
				6A83A01028B48D59001900F9 /* Debug */,
				6A83A01128B48D59001900F9 /* Release */,
			);
			defaultConfigurationIsVisible = 0;
			defaultConfigurationName = Release;
		};
		6A83A01228B48D59001900F9 /* Build configuration list for PBXNativeTarget "RPSUITests" */ = {
			isa = XCConfigurationList;
			buildConfigurations = (
				6A83A01328B48D59001900F9 /* Debug */,
				6A83A01428B48D59001900F9 /* Release */,
			);
			defaultConfigurationIsVisible = 0;
			defaultConfigurationName = Release;
		};
/* End XCConfigurationList section */
	};
	rootObject = 6A839FDA28B48D58001900F9 /* Project object */;
}
